
Microsoft Visual Studio Solution File, Format Version 12.00
# Visual Studio Version 17
VisualStudioVersion = 17.9.34902.65
MinimumVisualStudioVersion = 10.0.40219.1
Project("{FAE04EC0-301F-11D3-BF4B-00C04F79EFBC}") = "Elysia", "Elysia\Elysia.csproj", "{2A10908A-C5A3-4104-BEFC-0BDE708DEE41}"
EndProject
Global
	GlobalSection(SolutionConfigurationPlatforms) = preSolution
		Debug|Any CPU = Debug|Any CPU
		Release|Any CPU = Release|Any CPU
	EndGlobalSection
	GlobalSection(ProjectConfigurationPlatforms) = postSolution
		{2A10908A-C5A3-4104-BEFC-0BDE708DEE41}.Debug|Any CPU.ActiveCfg = Debug|Any CPU
		{2A10908A-C5A3-4104-BEFC-0BDE708DEE41}.Debug|Any CPU.Build.0 = Debug|Any CPU
		{2A10908A-C5A3-4104-BEFC-0BDE708DEE41}.Release|Any CPU.ActiveCfg = Release|Any CPU
		{2A10908A-C5A3-4104-BEFC-0BDE708DEE41}.Release|Any CPU.Build.0 = Release|Any CPU
	EndGlobalSection
	GlobalSection(SolutionProperties) = preSolution
		HideSolutionNode = FALSE
	EndGlobalSection
	GlobalSection(ExtensibilityGlobals) = postSolution
		SolutionGuid = {1D98AC85-C745-4A6E-AFF0-48A5140C0E65}
	EndGlobalSection
EndGlobal
